
Microsoft Visual Studio Solution File, Format Version 12.00
# Visual Studio Version 16
VisualStudioVersion = 16.0.29009.5
MinimumVisualStudioVersion = 10.0.40219.1
Project("{FAE04EC0-301F-11D3-BF4B-00C04F79EFBC}") = "PictureKruume", "PictureKruume\PictureKruume.csproj", "{2F1F8F78-15C5-4FE7-8B48-C5BAC8BE1AD8}"
EndProject
Global
	GlobalSection(SolutionConfigurationPlatforms) = preSolution
		Debug|Any CPU = Debug|Any CPU
		Release|Any CPU = Release|Any CPU
	EndGlobalSection
	GlobalSection(ProjectConfigurationPlatforms) = postSolution
		{2F1F8F78-15C5-4FE7-8B48-C5BAC8BE1AD8}.Debug|Any CPU.ActiveCfg = Debug|Any CPU
		{2F1F8F78-15C5-4FE7-8B48-C5BAC8BE1AD8}.Debug|Any CPU.Build.0 = Debug|Any CPU
		{2F1F8F78-15C5-4FE7-8B48-C5BAC8BE1AD8}.Release|Any CPU.ActiveCfg = Release|Any CPU
		{2F1F8F78-15C5-4FE7-8B48-C5BAC8BE1AD8}.Release|Any CPU.Build.0 = Release|Any CPU
	EndGlobalSection
	GlobalSection(SolutionProperties) = preSolution
		HideSolutionNode = FALSE
	EndGlobalSection
	GlobalSection(ExtensibilityGlobals) = postSolution
		SolutionGuid = {B781E40E-DBFF-4305-A4D1-B0E9A3B902AD}
	EndGlobalSection
EndGlobal
